// !$*UTF8*$!
{
	archiveVersion = 1;
	classes = {
	};
	objectVersion = 46;
	objects = {

/* Begin PBXBuildFile section */
		CF8C1BC31E34794000241B9C /* main.m in Sources */ = {isa = PBXBuildFile; fileRef = CF8C1BC21E34794000241B9C /* main.m */; };
		CF8C1BC61E34794000241B9C /* AppDelegate.m in Sources */ = {isa = PBXBuildFile; fileRef = CF8C1BC51E34794000241B9C /* AppDelegate.m */; };
		CF8C1BC91E34794000241B9C /* ViewController.m in Sources */ = {isa = PBXBuildFile; fileRef = CF8C1BC81E34794000241B9C /* ViewController.m */; };
		CF8C1BCC1E34794000241B9C /* Main.storyboard in Resources */ = {isa = PBXBuildFile; fileRef = CF8C1BCA1E34794000241B9C /* Main.storyboard */; };
		CF8C1BCE1E34794000241B9C /* Assets.xcassets in Resources */ = {isa = PBXBuildFile; fileRef = CF8C1BCD1E34794000241B9C /* Assets.xcassets */; };
		CF8C1BD11E34794000241B9C /* LaunchScreen.storyboard in Resources */ = {isa = PBXBuildFile; fileRef = CF8C1BCF1E34794000241B9C /* LaunchScreen.storyboard */; };
/* End PBXBuildFile section */

/* Begin PBXFileReference section */
		CF8C1BBE1E34794000241B9C /* momo.app */ = {isa = PBXFileReference; explicitFileType = wrapper.application; includeInIndex = 0; path = momo.app; sourceTree = BUILT_PRODUCTS_DIR; };
		CF8C1BC21E34794000241B9C /* main.m */ = {isa = PBXFileReference; lastKnownFileType = sourcecode.c.objc; path = main.m; sourceTree = "<group>"; };
		CF8C1BC41E34794000241B9C /* AppDelegate.h */ = {isa = PBXFileReference; lastKnownFileType = sourcecode.c.h; path = AppDelegate.h; sourceTree = "<group>"; };
		CF8C1BC51E34794000241B9C /* AppDelegate.m */ = {isa = PBXFileReference; lastKnownFileType = sourcecode.c.objc; path = AppDelegate.m; sourceTree = "<group>"; };
		CF8C1BC71E34794000241B9C /* ViewController.h */ = {isa = PBXFileReference; lastKnownFileType = sourcecode.c.h; path = ViewController.h; sourceTree = "<group>"; };
		CF8C1BC81E34794000241B9C /* ViewController.m */ = {isa = PBXFileReference; lastKnownFileType = sourcecode.c.objc; path = ViewController.m; sourceTree = "<group>"; };
		CF8C1BCB1E34794000241B9C /* Base */ = {isa = PBXFileReference; lastKnownFileType = file.storyboard; name = Base; path = Base.lproj/Main.storyboard; sourceTree = "<group>"; };
		CF8C1BCD1E34794000241B9C /* Assets.xcassets */ = {isa = PBXFileReference; lastKnownFileType = folder.assetcatalog; path = Assets.xcassets; sourceTree = "<group>"; };
		CF8C1BD01E34794000241B9C /* Base */ = {isa = PBXFileReference; lastKnownFileType = file.storyboard; name = Base; path = Base.lproj/LaunchScreen.storyboard; sourceTree = "<group>"; };
		CF8C1BD21E34794000241B9C /* Info.plist */ = {isa = PBXFileReference; lastKnownFileType = text.plist.xml; path = Info.plist; sourceTree = "<group>"; };
/* End PBXFileReference section */

/* Begin PBXFrameworksBuildPhase section */
		CF8C1BBB1E34794000241B9C /* Frameworks */ = {
			isa = PBXFrameworksBuildPhase;
			buildActionMask = 2147483647;
			files = (
			);
			runOnlyForDeploymentPostprocessing = 0;
		};
/* End PBXFrameworksBuildPhase section */

/* Begin PBXGroup section */
		CF8C1BB51E34794000241B9C = {
			isa = PBXGroup;
			children = (
				CF8C1BC01E34794000241B9C /* momo */,
				CF8C1BBF1E34794000241B9C /* Products */,
			);
			sourceTree = "<group>";
		};
		CF8C1BBF1E34794000241B9C /* Products */ = {
			isa = PBXGroup;
			children = (
				CF8C1BBE1E34794000241B9C /* momo.app */,
			);
			name = Products;
			sourceTree = "<group>";
		};
		CF8C1BC01E34794000241B9C /* momo */ = {
			isa = PBXGroup;
			children = (
				CF8C1BC41E34794000241B9C /* AppDelegate.h */,
				CF8C1BC51E34794000241B9C /* AppDelegate.m */,
				CF8C1BC71E34794000241B9C /* ViewController.h */,
				CF8C1BC81E34794000241B9C /* ViewController.m */,
				CF8C1BCA1E34794000241B9C /* Main.storyboard */,
				CF8C1BCD1E34794000241B9C /* Assets.xcassets */,
				CF8C1BCF1E34794000241B9C /* LaunchScreen.storyboard */,
				CF8C1BD21E34794000241B9C /* Info.plist */,
				CF8C1BC11E34794000241B9C /* Supporting Files */,
			);
			path = momo;
			sourceTree = "<group>";
		};
		CF8C1BC11E34794000241B9C /* Supporting Files */ = {
			isa = PBXGroup;
			children = (
				CF8C1BC21E34794000241B9C /* main.m */,
			);
			name = "Supporting Files";
			sourceTree = "<group>";
		};
/* End PBXGroup section */

/* Begin PBXNativeTarget section */
		CF8C1BBD1E34794000241B9C /* momo */ = {
			isa = PBXNativeTarget;
			buildConfigurationList = CF8C1BD51E34794000241B9C /* Build configuration list for PBXNativeTarget "momo" */;
			buildPhases = (
				CF8C1BBA1E34794000241B9C /* Sources */,
				CF8C1BBB1E34794000241B9C /* Frameworks */,
				CF8C1BBC1E34794000241B9C /* Resources */,
			);
			buildRules = (
			);
			dependencies = (
			);
			name = momo;
			productName = momo;
			productReference = CF8C1BBE1E34794000241B9C /* momo.app */;
			productType = "com.apple.product-type.application";
		};
/* End PBXNativeTarget section */

/* Begin PBXProject section */
		CF8C1BB61E34794000241B9C /* Project object */ = {
			isa = PBXProject;
			attributes = {
				LastUpgradeCheck = 0820;
				ORGANIZATIONNAME = pg;
				TargetAttributes = {
					CF8C1BBD1E34794000241B9C = {
						CreatedOnToolsVersion = 8.2.1;
						ProvisioningStyle = Automatic;
					};
				};
			};
			buildConfigurationList = CF8C1BB91E34794000241B9C /* Build configuration list for PBXProject "momo" */;
			compatibilityVersion = "Xcode 3.2";
			developmentRegion = English;
			hasScannedForEncodings = 0;
			knownRegions = (
				en,
				Base,
			);
			mainGroup = CF8C1BB51E34794000241B9C;
			productRefGroup = CF8C1BBF1E34794000241B9C /* Products */;
			projectDirPath = "";
			projectRoot = "";
			targets = (
				CF8C1BBD1E34794000241B9C /* momo */,
			);
		};
/* End PBXProject section */

/* Begin PBXResourcesBuildPhase section */
		CF8C1BBC1E34794000241B9C /* Resources */ = {
			isa = PBXResourcesBuildPhase;
			buildActionMask = 2147483647;
			files = (
				CF8C1BD11E34794000241B9C /* LaunchScreen.storyboard in Resources */,
				CF8C1BCE1E34794000241B9C /* Assets.xcassets in Resources */,
				CF8C1BCC1E34794000241B9C /* Main.storyboard in Resources */,
			);
			runOnlyForDeploymentPostprocessing = 0;
		};
/* End PBXResourcesBuildPhase section */

/* Begin PBXSourcesBuildPhase section */
		CF8C1BBA1E34794000241B9C /* Sources */ = {
			isa = PBXSourcesBuildPhase;
			buildActionMask = 2147483647;
			files = (
				CF8C1BC91E34794000241B9C /* ViewController.m in Sources */,
				CF8C1BC61E34794000241B9C /* AppDelegate.m in Sources */,
				CF8C1BC31E34794000241B9C /* main.m in Sources */,
			);
			runOnlyForDeploymentPostprocessing = 0;
		};
/* End PBXSourcesBuildPhase section */

/* Begin PBXVariantGroup section */
		CF8C1BCA1E34794000241B9C /* Main.storyboard */ = {
			isa = PBXVariantGroup;
			children = (
				CF8C1BCB1E34794000241B9C /* Base */,
			);
			name = Main.storyboard;
			sourceTree = "<group>";
		};
		CF8C1BCF1E34794000241B9C /* LaunchScreen.storyboard */ = {
			isa = PBXVariantGroup;
			children = (
				CF8C1BD01E34794000241B9C /* Base */,
			);
			name = LaunchScreen.storyboard;
			sourceTree = "<group>";
		};
/* End PBXVariantGroup section */

/* Begin XCBuildConfiguration section */
		CF8C1BD31E34794000241B9C /* Debug */ = {
			isa = XCBuildConfiguration;
			buildSettings = {
				ALWAYS_SEARCH_USER_PATHS = NO;
				CLANG_ANALYZER_NONNULL = YES;
				CLANG_CXX_LANGUAGE_STANDARD = "gnu++0x";
				CLANG_CXX_LIBRARY = "libc++";
				CLANG_ENABLE_MODULES = YES;
				CLANG_ENABLE_OBJC_ARC = YES;
				CLANG_WARN_BOOL_CONVERSION = YES;
				CLANG_WARN_CONSTANT_CONVERSION = YES;
				CLANG_WARN_DIRECT_OBJC_ISA_USAGE = YES_ERROR;
				CLANG_WARN_DOCUMENTATION_COMMENTS = YES;
				CLANG_WARN_EMPTY_BODY = YES;
				CLANG_WARN_ENUM_CONVERSION = YES;
				CLANG_WARN_INFINITE_RECURSION = YES;
				CLANG_WARN_INT_CONVERSION = YES;
				CLANG_WARN_OBJC_ROOT_CLASS = YES_ERROR;
				CLANG_WARN_SUSPICIOUS_MOVE = YES;
				CLANG_WARN_UNREACHABLE_CODE = YES;
				CLANG_WARN__DUPLICATE_METHOD_MATCH = YES;
				"CODE_SIGN_IDENTITY[sdk=iphoneos*]" = "iPhone Developer";
				COPY_PHASE_STRIP = NO;
				DEBUG_INFORMATION_FORMAT = dwarf;
				ENABLE_STRICT_OBJC_MSGSEND = YES;
				ENABLE_TESTABILITY = YES;
				GCC_C_LANGUAGE_STANDARD = gnu99;
				GCC_DYNAMIC_NO_PIC = NO;
				GCC_NO_COMMON_BLOCKS = YES;
				GCC_OPTIMIZATION_LEVEL = 0;
				GCC_PREPROCESSOR_DEFINITIONS = (
					"DEBUG=1",
					"$(inherited)",
				);
				GCC_WARN_64_TO_32_BIT_CONVERSION = YES;
				GCC_WARN_ABOUT_RETURN_TYPE = YES_ERROR;
				GCC_WARN_UNDECLARED_SELECTOR = YES;
				GCC_WARN_UNINITIALIZED_AUTOS = YES_AGGRESSIVE;
				GCC_WARN_UNUSED_FUNCTION = YES;
				GCC_WARN_UNUSED_VARIABLE = YES;
				IPHONEOS_DEPLOYMENT_TARGET = 10.2;
				MTL_ENABLE_DEBUG_INFO = YES;
				ONLY_ACTIVE_ARCH = YES;
				SDKROOT = iphoneos;
				TARGETED_DEVICE_FAMILY = "1,2";
			};
			name = Debug;
		};
		CF8C1BD41E34794000241B9C /* Release */ = {
			isa = XCBuildConfiguration;
			buildSettings = {
				ALWAYS_SEARCH_USER_PATHS = NO;
				CLANG_ANALYZER_NONNULL = YES;
				CLANG_CXX_LANGUAGE_STANDARD = "gnu++0x";
				CLANG_CXX_LIBRARY = "libc++";
				CLANG_ENABLE_MODULES = YES;
				CLANG_ENABLE_OBJC_ARC = YES;
				CLANG_WARN_BOOL_CONVERSION = YES;
				CLANG_WARN_CONSTANT_CONVERSION = YES;
				CLANG_WARN_DIRECT_OBJC_ISA_USAGE = YES_ERROR;
				CLANG_WARN_DOCUMENTATION_COMMENTS = YES;
				CLANG_WARN_EMPTY_BODY = YES;
				CLANG_WARN_ENUM_CONVERSION = YES;
				CLANG_WARN_INFINITE_RECURSION = YES;
				CLANG_WARN_INT_CONVERSION = YES;
				CLANG_WARN_OBJC_ROOT_CLASS = YES_ERROR;
				CLANG_WARN_SUSPICIOUS_MOVE = YES;
				CLANG_WARN_UNREACHABLE_CODE = YES;
				CLANG_WARN__DUPLICATE_METHOD_MATCH = YES;
				"CODE_SIGN_IDENTITY[sdk=iphoneos*]" = "iPhone Developer";
				COPY_PHASE_STRIP = NO;
				DEBUG_INFORMATION_FORMAT = "dwarf-with-dsym";
				ENABLE_NS_ASSERTIONS = NO;
				ENABLE_STRICT_OBJC_MSGSEND = YES;
				GCC_C_LANGUAGE_STANDARD = gnu99;
				GCC_NO_COMMON_BLOCKS = YES;
				GCC_WARN_64_TO_32_BIT_CONVERSION = YES;
				GCC_WARN_ABOUT_RETURN_TYPE = YES_ERROR;
				GCC_WARN_UNDECLARED_SELECTOR = YES;
				GCC_WARN_UNINITIALIZED_AUTOS = YES_AGGRESSIVE;
				GCC_WARN_UNUSED_FUNCTION = YES;
				GCC_WARN_UNUSED_VARIABLE = YES;
				IPHONEOS_DEPLOYMENT_TARGET = 10.2;
				MTL_ENABLE_DEBUG_INFO = NO;
				SDKROOT = iphoneos;
				TARGETED_DEVICE_FAMILY = "1,2";
				VALIDATE_PRODUCT = YES;
			};
			name = Release;
		};
		CF8C1BD61E34794000241B9C /* Debug */ = {
			isa = XCBuildConfiguration;
			buildSettings = {
				ASSETCATALOG_COMPILER_APPICON_NAME = AppIcon;
				INFOPLIST_FILE = momo/Info.plist;
				LD_RUNPATH_SEARCH_PATHS = "$(inherited) @executable_path/Frameworks";
				PRODUCT_BUNDLE_IDENTIFIER = zhouyang.momo;
				PRODUCT_NAME = "$(TARGET_NAME)";
			};
			name = Debug;
		};
		CF8C1BD71E34794000241B9C /* Release */ = {
			isa = XCBuildConfiguration;
			buildSettings = {
				ASSETCATALOG_COMPILER_APPICON_NAME = AppIcon;
				INFOPLIST_FILE = momo/Info.plist;
				LD_RUNPATH_SEARCH_PATHS = "$(inherited) @executable_path/Frameworks";
				PRODUCT_BUNDLE_IDENTIFIER = zhouyang.momo;
				PRODUCT_NAME = "$(TARGET_NAME)";
			};
			name = Release;
		};
/* End XCBuildConfiguration section */

/* Begin XCConfigurationList section */
		CF8C1BB91E34794000241B9C /* Build configuration list for PBXProject "momo" */ = {
			isa = XCConfigurationList;
			buildConfigurations = (
				CF8C1BD31E34794000241B9C /* Debug */,
				CF8C1BD41E34794000241B9C /* Release */,
			);
			defaultConfigurationIsVisible = 0;
			defaultConfigurationName = Release;
		};
		CF8C1BD51E34794000241B9C /* Build configuration list for PBXNativeTarget "momo" */ = {
			isa = XCConfigurationList;
			buildConfigurations = (
				CF8C1BD61E34794000241B9C /* Debug */,
				CF8C1BD71E34794000241B9C /* Release */,
			);
			defaultConfigurationIsVisible = 0;
		};
/* End XCConfigurationList section */
	};
	rootObject = CF8C1BB61E34794000241B9C /* Project object */;
}
